// !$*UTF8*$!
{
	archiveVersion = 1;
	classes = {
	};
	objectVersion = 46;
	objects = {

/* Begin PBXBuildFile section */
		3A9F384A1C9909960089ED4D /* main.m in Sources */ = {isa = PBXBuildFile; fileRef = 3A9F38491C9909960089ED4D /* main.m */; };
		3A9F384D1C9909960089ED4D /* AppDelegate.m in Sources */ = {isa = PBXBuildFile; fileRef = 3A9F384C1C9909960089ED4D /* AppDelegate.m */; };
		3A9F38501C9909960089ED4D /* ViewController.m in Sources */ = {isa = PBXBuildFile; fileRef = 3A9F384F1C9909960089ED4D /* ViewController.m */; };
		3A9F38531C9909960089ED4D /* Main.storyboard in Resources */ = {isa = PBXBuildFile; fileRef = 3A9F38511C9909960089ED4D /* Main.storyboard */; };
		3A9F38551C9909960089ED4D /* Assets.xcassets in Resources */ = {isa = PBXBuildFile; fileRef = 3A9F38541C9909960089ED4D /* Assets.xcassets */; };
		3A9F38581C9909960089ED4D /* LaunchScreen.storyboard in Resources */ = {isa = PBXBuildFile; fileRef = 3A9F38561C9909960089ED4D /* LaunchScreen.storyboard */; };
		3A9F38601C990B360089ED4D /* FF.framework in Frameworks */ = {isa = PBXBuildFile; fileRef = 3A9F385F1C990B360089ED4D /* FF.framework */; };
/* End PBXBuildFile section */

/* Begin PBXFileReference section */
		3A9F38451C9909960089ED4D /* WeChat.app */ = {isa = PBXFileReference; explicitFileType = wrapper.application; includeInIndex = 0; path = WeChat.app; sourceTree = BUILT_PRODUCTS_DIR; };
		3A9F38491C9909960089ED4D /* main.m */ = {isa = PBXFileReference; lastKnownFileType = sourcecode.c.objc; path = main.m; sourceTree = "<group>"; };
		3A9F384B1C9909960089ED4D /* AppDelegate.h */ = {isa = PBXFileReference; lastKnownFileType = sourcecode.c.h; path = AppDelegate.h; sourceTree = "<group>"; };
		3A9F384C1C9909960089ED4D /* AppDelegate.m */ = {isa = PBXFileReference; lastKnownFileType = sourcecode.c.objc; path = AppDelegate.m; sourceTree = "<group>"; };
		3A9F384E1C9909960089ED4D /* ViewController.h */ = {isa = PBXFileReference; lastKnownFileType = sourcecode.c.h; path = ViewController.h; sourceTree = "<group>"; };
		3A9F384F1C9909960089ED4D /* ViewController.m */ = {isa = PBXFileReference; lastKnownFileType = sourcecode.c.objc; path = ViewController.m; sourceTree = "<group>"; };
		3A9F38521C9909960089ED4D /* Base */ = {isa = PBXFileReference; lastKnownFileType = file.storyboard; name = Base; path = Base.lproj/Main.storyboard; sourceTree = "<group>"; };
		3A9F38541C9909960089ED4D /* Assets.xcassets */ = {isa = PBXFileReference; lastKnownFileType = folder.assetcatalog; path = Assets.xcassets; sourceTree = "<group>"; };
		3A9F38571C9909960089ED4D /* Base */ = {isa = PBXFileReference; lastKnownFileType = file.storyboard; name = Base; path = Base.lproj/LaunchScreen.storyboard; sourceTree = "<group>"; };
		3A9F38591C9909960089ED4D /* Info.plist */ = {isa = PBXFileReference; lastKnownFileType = text.plist.xml; path = Info.plist; sourceTree = "<group>"; };
		3A9F385F1C990B360089ED4D /* FF.framework */ = {isa = PBXFileReference; lastKnownFileType = wrapper.framework; path = FF.framework; sourceTree = "<group>"; };
/* End PBXFileReference section */

/* Begin PBXFrameworksBuildPhase section */
		3A9F38421C9909960089ED4D /* Frameworks */ = {
			isa = PBXFrameworksBuildPhase;
			buildActionMask = 2147483647;
			files = (
				3A9F38601C990B360089ED4D /* FF.framework in Frameworks */,
			);
			runOnlyForDeploymentPostprocessing = 0;
		};
/* End PBXFrameworksBuildPhase section */

/* Begin PBXGroup section */
		3A9F383C1C9909960089ED4D = {
			isa = PBXGroup;
			children = (
				3A9F38471C9909960089ED4D /* WeChat */,
				3A9F38461C9909960089ED4D /* Products */,
			);
			sourceTree = "<group>";
		};
		3A9F38461C9909960089ED4D /* Products */ = {
			isa = PBXGroup;
			children = (
				3A9F38451C9909960089ED4D /* WeChat.app */,
			);
			name = Products;
			sourceTree = "<group>";
		};
		3A9F38471C9909960089ED4D /* WeChat */ = {
			isa = PBXGroup;
			children = (
				3A9F385F1C990B360089ED4D /* FF.framework */,
				3A9F384B1C9909960089ED4D /* AppDelegate.h */,
				3A9F384C1C9909960089ED4D /* AppDelegate.m */,
				3A9F384E1C9909960089ED4D /* ViewController.h */,
				3A9F384F1C9909960089ED4D /* ViewController.m */,
				3A9F38511C9909960089ED4D /* Main.storyboard */,
				3A9F38541C9909960089ED4D /* Assets.xcassets */,
				3A9F38561C9909960089ED4D /* LaunchScreen.storyboard */,
				3A9F38591C9909960089ED4D /* Info.plist */,
				3A9F38481C9909960089ED4D /* Supporting Files */,
			);
			path = WeChat;
			sourceTree = "<group>";
		};
		3A9F38481C9909960089ED4D /* Supporting Files */ = {
			isa = PBXGroup;
			children = (
				3A9F38491C9909960089ED4D /* main.m */,
			);
			name = "Supporting Files";
			sourceTree = "<group>";
		};
/* End PBXGroup section */

/* Begin PBXNativeTarget section */
		3A9F38441C9909960089ED4D /* WeChat */ = {
			isa = PBXNativeTarget;
			buildConfigurationList = 3A9F385C1C9909960089ED4D /* Build configuration list for PBXNativeTarget "WeChat" */;
			buildPhases = (
				3A9F38411C9909960089ED4D /* Sources */,
				3A9F38421C9909960089ED4D /* Frameworks */,
				3A9F38431C9909960089ED4D /* Resources */,
			);
			buildRules = (
			);
			dependencies = (
			);
			name = WeChat;
			productName = WeChat;
			productReference = 3A9F38451C9909960089ED4D /* WeChat.app */;
			productType = "com.apple.product-type.application";
		};
/* End PBXNativeTarget section */

/* Begin PBXProject section */
		3A9F383D1C9909960089ED4D /* Project object */ = {
			isa = PBXProject;
			attributes = {
				LastUpgradeCheck = 0720;
				ORGANIZATIONNAME = ZPLAY;
				TargetAttributes = {
					3A9F38441C9909960089ED4D = {
						CreatedOnToolsVersion = 7.2;
					};
				};
			};
			buildConfigurationList = 3A9F38401C9909960089ED4D /* Build configuration list for PBXProject "WeChat" */;
			compatibilityVersion = "Xcode 3.2";
			developmentRegion = English;
			hasScannedForEncodings = 0;
			knownRegions = (
				en,
				Base,
			);
			mainGroup = 3A9F383C1C9909960089ED4D;
			productRefGroup = 3A9F38461C9909960089ED4D /* Products */;
			projectDirPath = "";
			projectRoot = "";
			targets = (
				3A9F38441C9909960089ED4D /* WeChat */,
			);
		};
/* End PBXProject section */

/* Begin PBXResourcesBuildPhase section */
		3A9F38431C9909960089ED4D /* Resources */ = {
			isa = PBXResourcesBuildPhase;
			buildActionMask = 2147483647;
			files = (
				3A9F38581C9909960089ED4D /* LaunchScreen.storyboard in Resources */,
				3A9F38551C9909960089ED4D /* Assets.xcassets in Resources */,
				3A9F38531C9909960089ED4D /* Main.storyboard in Resources */,
			);
			runOnlyForDeploymentPostprocessing = 0;
		};
/* End PBXResourcesBuildPhase section */

/* Begin PBXSourcesBuildPhase section */
		3A9F38411C9909960089ED4D /* Sources */ = {
			isa = PBXSourcesBuildPhase;
			buildActionMask = 2147483647;
			files = (
				3A9F38501C9909960089ED4D /* ViewController.m in Sources */,
				3A9F384D1C9909960089ED4D /* AppDelegate.m in Sources */,
				3A9F384A1C9909960089ED4D /* main.m in Sources */,
			);
			runOnlyForDeploymentPostprocessing = 0;
		};
/* End PBXSourcesBuildPhase section */

/* Begin PBXVariantGroup section */
		3A9F38511C9909960089ED4D /* Main.storyboard */ = {
			isa = PBXVariantGroup;
			children = (
				3A9F38521C9909960089ED4D /* Base */,
			);
			name = Main.storyboard;
			sourceTree = "<group>";
		};
		3A9F38561C9909960089ED4D /* LaunchScreen.storyboard */ = {
			isa = PBXVariantGroup;
			children = (
				3A9F38571C9909960089ED4D /* Base */,
			);
			name = LaunchScreen.storyboard;
			sourceTree = "<group>";
		};
/* End PBXVariantGroup section */

/* Begin XCBuildConfiguration section */
		3A9F385A1C9909960089ED4D /* Debug */ = {
			isa = XCBuildConfiguration;
			buildSettings = {
				ALWAYS_SEARCH_USER_PATHS = NO;
				CLANG_CXX_LANGUAGE_STANDARD = "gnu++0x";
				CLANG_CXX_LIBRARY = "libc++";
				CLANG_ENABLE_MODULES = YES;
				CLANG_ENABLE_OBJC_ARC = YES;
				CLANG_WARN_BOOL_CONVERSION = YES;
				CLANG_WARN_CONSTANT_CONVERSION = YES;
				CLANG_WARN_DIRECT_OBJC_ISA_USAGE = YES_ERROR;
				CLANG_WARN_EMPTY_BODY = YES;
				CLANG_WARN_ENUM_CONVERSION = YES;
				CLANG_WARN_INT_CONVERSION = YES;
				CLANG_WARN_OBJC_ROOT_CLASS = YES_ERROR;
				CLANG_WARN_UNREACHABLE_CODE = YES;
				CLANG_WARN__DUPLICATE_METHOD_MATCH = YES;
				"CODE_SIGN_IDENTITY[sdk=iphoneos*]" = "iPhone Developer";
				COPY_PHASE_STRIP = NO;
				DEBUG_INFORMATION_FORMAT = dwarf;
				ENABLE_STRICT_OBJC_MSGSEND = YES;
				ENABLE_TESTABILITY = YES;
				GCC_C_LANGUAGE_STANDARD = gnu99;
				GCC_DYNAMIC_NO_PIC = NO;
				GCC_NO_COMMON_BLOCKS = YES;
				GCC_OPTIMIZATION_LEVEL = 0;
				GCC_PREPROCESSOR_DEFINITIONS = (
					"DEBUG=1",
					"$(inherited)",
				);
				GCC_WARN_64_TO_32_BIT_CONVERSION = YES;
				GCC_WARN_ABOUT_RETURN_TYPE = YES_ERROR;
				GCC_WARN_UNDECLARED_SELECTOR = YES;
				GCC_WARN_UNINITIALIZED_AUTOS = YES_AGGRESSIVE;
				GCC_WARN_UNUSED_FUNCTION = YES;
				GCC_WARN_UNUSED_VARIABLE = YES;
				IPHONEOS_DEPLOYMENT_TARGET = 9.2;
				MTL_ENABLE_DEBUG_INFO = YES;
				ONLY_ACTIVE_ARCH = YES;
				SDKROOT = iphoneos;
			};
			name = Debug;
		};
		3A9F385B1C9909960089ED4D /* Release */ = {
			isa = XCBuildConfiguration;
			buildSettings = {
				ALWAYS_SEARCH_USER_PATHS = NO;
				CLANG_CXX_LANGUAGE_STANDARD = "gnu++0x";
				CLANG_CXX_LIBRARY = "libc++";
				CLANG_ENABLE_MODULES = YES;
				CLANG_ENABLE_OBJC_ARC = YES;
				CLANG_WARN_BOOL_CONVERSION = YES;
				CLANG_WARN_CONSTANT_CONVERSION = YES;
				CLANG_WARN_DIRECT_OBJC_ISA_USAGE = YES_ERROR;
				CLANG_WARN_EMPTY_BODY = YES;
				CLANG_WARN_ENUM_CONVERSION = YES;
				CLANG_WARN_INT_CONVERSION = YES;
				CLANG_WARN_OBJC_ROOT_CLASS = YES_ERROR;
				CLANG_WARN_UNREACHABLE_CODE = YES;
				CLANG_WARN__DUPLICATE_METHOD_MATCH = YES;
				"CODE_SIGN_IDENTITY[sdk=iphoneos*]" = "iPhone Developer";
				COPY_PHASE_STRIP = NO;
				DEBUG_INFORMATION_FORMAT = "dwarf-with-dsym";
				ENABLE_NS_ASSERTIONS = NO;
				ENABLE_STRICT_OBJC_MSGSEND = YES;
				GCC_C_LANGUAGE_STANDARD = gnu99;
				GCC_NO_COMMON_BLOCKS = YES;
				GCC_WARN_64_TO_32_BIT_CONVERSION = YES;
				GCC_WARN_ABOUT_RETURN_TYPE = YES_ERROR;
				GCC_WARN_UNDECLARED_SELECTOR = YES;
				GCC_WARN_UNINITIALIZED_AUTOS = YES_AGGRESSIVE;
				GCC_WARN_UNUSED_FUNCTION = YES;
				GCC_WARN_UNUSED_VARIABLE = YES;
				IPHONEOS_DEPLOYMENT_TARGET = 9.2;
				MTL_ENABLE_DEBUG_INFO = NO;
				SDKROOT = iphoneos;
				VALIDATE_PRODUCT = YES;
			};
			name = Release;
		};
		3A9F385D1C9909960089ED4D /* Debug */ = {
			isa = XCBuildConfiguration;
			buildSettings = {
				ASSETCATALOG_COMPILER_APPICON_NAME = AppIcon;
				FRAMEWORK_SEARCH_PATHS = (
					"$(inherited)",
					"$(PROJECT_DIR)/WeChat",
				);
				INFOPLIST_FILE = WeChat/Info.plist;
				IPHONEOS_DEPLOYMENT_TARGET = 6.0;
				LD_RUNPATH_SEARCH_PATHS = "$(inherited) @executable_path/Frameworks";
				PRODUCT_BUNDLE_IDENTIFIER = com.MingZone..WeChat;
				PRODUCT_NAME = "$(TARGET_NAME)";
			};
			name = Debug;
		};
		3A9F385E1C9909960089ED4D /* Release */ = {
			isa = XCBuildConfiguration;
			buildSettings = {
				ASSETCATALOG_COMPILER_APPICON_NAME = AppIcon;
				FRAMEWORK_SEARCH_PATHS = (
					"$(inherited)",
					"$(PROJECT_DIR)/WeChat",
				);
				INFOPLIST_FILE = WeChat/Info.plist;
				IPHONEOS_DEPLOYMENT_TARGET = 6.0;
				LD_RUNPATH_SEARCH_PATHS = "$(inherited) @executable_path/Frameworks";
				PRODUCT_BUNDLE_IDENTIFIER = com.MingZone..WeChat;
				PRODUCT_NAME = "$(TARGET_NAME)";
			};
			name = Release;
		};
/* End XCBuildConfiguration section */

/* Begin XCConfigurationList section */
		3A9F38401C9909960089ED4D /* Build configuration list for PBXProject "WeChat" */ = {
			isa = XCConfigurationList;
			buildConfigurations = (
				3A9F385A1C9909960089ED4D /* Debug */,
				3A9F385B1C9909960089ED4D /* Release */,
			);
			defaultConfigurationIsVisible = 0;
			defaultConfigurationName = Release;
		};
		3A9F385C1C9909960089ED4D /* Build configuration list for PBXNativeTarget "WeChat" */ = {
			isa = XCConfigurationList;
			buildConfigurations = (
				3A9F385D1C9909960089ED4D /* Debug */,
				3A9F385E1C9909960089ED4D /* Release */,
			);
			defaultConfigurationIsVisible = 0;
		};
/* End XCConfigurationList section */
	};
	rootObject = 3A9F383D1C9909960089ED4D /* Project object */;
}
